
Microsoft Visual Studio Solution File, Format Version 12.00
# Visual Studio Version 17
VisualStudioVersion = 17.14.36327.8
MinimumVisualStudioVersion = 10.0.40219.1
Project("{2150E333-8FDC-42A3-9474-1A3956D46DE8}") = "Solution Items", "Solution Items", "{8EC462FD-D22E-90A8-E5CE-7E832BA40C5D}"
	ProjectSection(SolutionItems) = preProject
		.gitignore = .gitignore
		docker-compose.yml = docker-compose.yml
		README.md = README.md
	EndProjectSection
EndProject
Project("{2150E333-8FDC-42A3-9474-1A3956D46DE8}") = "src", "src", "{02EA681E-C7D8-13C7-8484-4AC65E1B71E8}"
EndProject
Project("{FAE04EC0-301F-11D3-BF4B-00C04F79EFBC}") = "Shared", "src\Shared\Shared.csproj", "{870889B9-6B65-4944-B46A-261EA6145E51}"
EndProject
Project("{FAE04EC0-301F-11D3-BF4B-00C04F79EFBC}") = "ContactService", "src\ContactService\ContactService.csproj", "{8A3A4FB6-6912-4A2A-B13C-7E9CB76250B9}"
EndProject
Project("{FAE04EC0-301F-11D3-BF4B-00C04F79EFBC}") = "ReportService", "src\ReportService\ReportService.csproj", "{DDE6CF40-294F-4E6F-B880-CB27958D8532}"
EndProject
Project("{FAE04EC0-301F-11D3-BF4B-00C04F79EFBC}") = "ApiGateway", "src\ApiGateway\ApiGateway.csproj", "{52ADF232-1103-4F34-AA11-F5C6E945D102}"
EndProject
Project("{2150E333-8FDC-42A3-9474-1A3956D46DE8}") = "tests", "tests", "{2561768C-F753-4A33-BA4C-06321BB84D82}"
EndProject
Project("{FAE04EC0-301F-11D3-BF4B-00C04F79EFBC}") = "ContactService.Tests", "tests\ContactService.Tests\ContactService.Tests.csproj", "{66B40EE1-2888-45C7-8BE2-EBCE76C05573}"
EndProject
Global
	GlobalSection(SolutionConfigurationPlatforms) = preSolution
		Debug|Any CPU = Debug|Any CPU
		Release|Any CPU = Release|Any CPU
	EndGlobalSection
	GlobalSection(ProjectConfigurationPlatforms) = postSolution
		{870889B9-6B65-4944-B46A-261EA6145E51}.Debug|Any CPU.ActiveCfg = Debug|Any CPU
		{870889B9-6B65-4944-B46A-261EA6145E51}.Debug|Any CPU.Build.0 = Debug|Any CPU
		{870889B9-6B65-4944-B46A-261EA6145E51}.Release|Any CPU.ActiveCfg = Release|Any CPU
		{870889B9-6B65-4944-B46A-261EA6145E51}.Release|Any CPU.Build.0 = Release|Any CPU
		{8A3A4FB6-6912-4A2A-B13C-7E9CB76250B9}.Debug|Any CPU.ActiveCfg = Debug|Any CPU
		{8A3A4FB6-6912-4A2A-B13C-7E9CB76250B9}.Debug|Any CPU.Build.0 = Debug|Any CPU
		{8A3A4FB6-6912-4A2A-B13C-7E9CB76250B9}.Release|Any CPU.ActiveCfg = Release|Any CPU
		{8A3A4FB6-6912-4A2A-B13C-7E9CB76250B9}.Release|Any CPU.Build.0 = Release|Any CPU
		{DDE6CF40-294F-4E6F-B880-CB27958D8532}.Debug|Any CPU.ActiveCfg = Debug|Any CPU
		{DDE6CF40-294F-4E6F-B880-CB27958D8532}.Debug|Any CPU.Build.0 = Debug|Any CPU
		{DDE6CF40-294F-4E6F-B880-CB27958D8532}.Release|Any CPU.ActiveCfg = Release|Any CPU
		{DDE6CF40-294F-4E6F-B880-CB27958D8532}.Release|Any CPU.Build.0 = Release|Any CPU
		{52ADF232-1103-4F34-AA11-F5C6E945D102}.Debug|Any CPU.ActiveCfg = Debug|Any CPU
		{52ADF232-1103-4F34-AA11-F5C6E945D102}.Debug|Any CPU.Build.0 = Debug|Any CPU
		{52ADF232-1103-4F34-AA11-F5C6E945D102}.Release|Any CPU.ActiveCfg = Release|Any CPU
		{52ADF232-1103-4F34-AA11-F5C6E945D102}.Release|Any CPU.Build.0 = Release|Any CPU
		{66B40EE1-2888-45C7-8BE2-EBCE76C05573}.Debug|Any CPU.ActiveCfg = Debug|Any CPU
		{66B40EE1-2888-45C7-8BE2-EBCE76C05573}.Debug|Any CPU.Build.0 = Debug|Any CPU
		{66B40EE1-2888-45C7-8BE2-EBCE76C05573}.Release|Any CPU.ActiveCfg = Release|Any CPU
		{66B40EE1-2888-45C7-8BE2-EBCE76C05573}.Release|Any CPU.Build.0 = Release|Any CPU
	EndGlobalSection
	GlobalSection(SolutionProperties) = preSolution
		HideSolutionNode = FALSE
	EndGlobalSection
	GlobalSection(NestedProjects) = preSolution
		{870889B9-6B65-4944-B46A-261EA6145E51} = {02EA681E-C7D8-13C7-8484-4AC65E1B71E8}
		{8A3A4FB6-6912-4A2A-B13C-7E9CB76250B9} = {02EA681E-C7D8-13C7-8484-4AC65E1B71E8}
		{DDE6CF40-294F-4E6F-B880-CB27958D8532} = {02EA681E-C7D8-13C7-8484-4AC65E1B71E8}
		{52ADF232-1103-4F34-AA11-F5C6E945D102} = {02EA681E-C7D8-13C7-8484-4AC65E1B71E8}
		{66B40EE1-2888-45C7-8BE2-EBCE76C05573} = {2561768C-F753-4A33-BA4C-06321BB84D82}
	EndGlobalSection
	GlobalSection(ExtensibilityGlobals) = postSolution
		SolutionGuid = {E1F8EA86-C150-4BD7-8BBE-EEB911727977}
	EndGlobalSection
EndGlobal
